
Microsoft Visual Studio Solution File, Format Version 12.00
# Visual Studio Version 16
VisualStudioVersion = 16.0.30309.148
MinimumVisualStudioVersion = 10.0.40219.1
Project("{9A19103F-16F7-4668-BE54-9A1E7A4F7556}") = "DecompositionSample", "DecompositionSample\DecompositionSample.csproj", "{38D45C46-B676-4C16-B35C-59E33027CE47}"
EndProject
Project("{9A19103F-16F7-4668-BE54-9A1E7A4F7556}") = "AnnSample", "ANNSample\AnnSample.csproj", "{DB50282D-A3CF-430B-A060-F5C8194099A5}"
EndProject
Project("{9A19103F-16F7-4668-BE54-9A1E7A4F7556}") = "AnnTrainer", "ANNTrainer\AnnTrainer.csproj", "{EA4830B0-6FB7-4866-B777-4E99A9E7EE18}"
EndProject
Project("{9A19103F-16F7-4668-BE54-9A1E7A4F7556}") = "FeatureExtractionLibrary", "FeatureExtractionLibrary\FeatureExtractionLibrary.csproj", "{1E9E0324-700B-44BC-81F8-F68A1B496628}"
EndProject
Project("{9A19103F-16F7-4668-BE54-9A1E7A4F7556}") = "SymbolRecognitionTrainer", "SymbolRecognitionTrainer\SymbolRecognitionTrainer.csproj", "{D8A4B281-E009-4F61-AC4B-02A4361CA822}"
EndProject
Project("{FAE04EC0-301F-11D3-BF4B-00C04F79EFBC}") = "AnnLibrary", "AnnLibrary\AnnLibrary.csproj", "{BD4B1E45-90A0-4041-8513-7E4A2A38BAC2}"
EndProject
Global
	GlobalSection(SolutionConfigurationPlatforms) = preSolution
		Debug|Any CPU = Debug|Any CPU
		Release|Any CPU = Release|Any CPU
	EndGlobalSection
	GlobalSection(ProjectConfigurationPlatforms) = postSolution
		{38D45C46-B676-4C16-B35C-59E33027CE47}.Debug|Any CPU.ActiveCfg = Debug|Any CPU
		{38D45C46-B676-4C16-B35C-59E33027CE47}.Debug|Any CPU.Build.0 = Debug|Any CPU
		{38D45C46-B676-4C16-B35C-59E33027CE47}.Release|Any CPU.ActiveCfg = Release|Any CPU
		{38D45C46-B676-4C16-B35C-59E33027CE47}.Release|Any CPU.Build.0 = Release|Any CPU
		{DB50282D-A3CF-430B-A060-F5C8194099A5}.Debug|Any CPU.ActiveCfg = Debug|Any CPU
		{DB50282D-A3CF-430B-A060-F5C8194099A5}.Debug|Any CPU.Build.0 = Debug|Any CPU
		{DB50282D-A3CF-430B-A060-F5C8194099A5}.Release|Any CPU.ActiveCfg = Release|Any CPU
		{DB50282D-A3CF-430B-A060-F5C8194099A5}.Release|Any CPU.Build.0 = Release|Any CPU
		{EA4830B0-6FB7-4866-B777-4E99A9E7EE18}.Debug|Any CPU.ActiveCfg = Debug|Any CPU
		{EA4830B0-6FB7-4866-B777-4E99A9E7EE18}.Debug|Any CPU.Build.0 = Debug|Any CPU
		{EA4830B0-6FB7-4866-B777-4E99A9E7EE18}.Release|Any CPU.ActiveCfg = Release|Any CPU
		{EA4830B0-6FB7-4866-B777-4E99A9E7EE18}.Release|Any CPU.Build.0 = Release|Any CPU
		{1E9E0324-700B-44BC-81F8-F68A1B496628}.Debug|Any CPU.ActiveCfg = Debug|Any CPU
		{1E9E0324-700B-44BC-81F8-F68A1B496628}.Debug|Any CPU.Build.0 = Debug|Any CPU
		{1E9E0324-700B-44BC-81F8-F68A1B496628}.Release|Any CPU.ActiveCfg = Release|Any CPU
		{1E9E0324-700B-44BC-81F8-F68A1B496628}.Release|Any CPU.Build.0 = Release|Any CPU
		{D8A4B281-E009-4F61-AC4B-02A4361CA822}.Debug|Any CPU.ActiveCfg = Debug|Any CPU
		{D8A4B281-E009-4F61-AC4B-02A4361CA822}.Debug|Any CPU.Build.0 = Debug|Any CPU
		{D8A4B281-E009-4F61-AC4B-02A4361CA822}.Release|Any CPU.ActiveCfg = Release|Any CPU
		{D8A4B281-E009-4F61-AC4B-02A4361CA822}.Release|Any CPU.Build.0 = Release|Any CPU
		{BD4B1E45-90A0-4041-8513-7E4A2A38BAC2}.Debug|Any CPU.ActiveCfg = Debug|Any CPU
		{BD4B1E45-90A0-4041-8513-7E4A2A38BAC2}.Debug|Any CPU.Build.0 = Debug|Any CPU
		{BD4B1E45-90A0-4041-8513-7E4A2A38BAC2}.Release|Any CPU.ActiveCfg = Release|Any CPU
		{BD4B1E45-90A0-4041-8513-7E4A2A38BAC2}.Release|Any CPU.Build.0 = Release|Any CPU
	EndGlobalSection
	GlobalSection(SolutionProperties) = preSolution
		HideSolutionNode = FALSE
	EndGlobalSection
	GlobalSection(ExtensibilityGlobals) = postSolution
		SolutionGuid = {37DF1E5A-4FDC-43EC-8633-06A9D1DD1717}
	EndGlobalSection
EndGlobal
